
Microsoft Visual Studio Solution File, Format Version 12.00
# Visual Studio Version 16
VisualStudioVersion = 16.0.31112.23
MinimumVisualStudioVersion = 10.0.40219.1
Project("{FAE04EC0-301F-11D3-BF4B-00C04F79EFBC}") = "APIRestV2", "APIRestV2.csproj", "{6339CB97-E891-4A75-B453-C72BA76D2627}"
EndProject
Global
	GlobalSection(SolutionConfigurationPlatforms) = preSolution
		Debug|Any CPU = Debug|Any CPU
		Release|Any CPU = Release|Any CPU
	EndGlobalSection
	GlobalSection(ProjectConfigurationPlatforms) = postSolution
		{6339CB97-E891-4A75-B453-C72BA76D2627}.Debug|Any CPU.ActiveCfg = Debug|Any CPU
		{6339CB97-E891-4A75-B453-C72BA76D2627}.Debug|Any CPU.Build.0 = Debug|Any CPU
		{6339CB97-E891-4A75-B453-C72BA76D2627}.Release|Any CPU.ActiveCfg = Release|Any CPU
		{6339CB97-E891-4A75-B453-C72BA76D2627}.Release|Any CPU.Build.0 = Release|Any CPU
	EndGlobalSection
	GlobalSection(SolutionProperties) = preSolution
		HideSolutionNode = FALSE
	EndGlobalSection
	GlobalSection(ExtensibilityGlobals) = postSolution
		SolutionGuid = {EF22DA0E-99E7-47CB-8D6F-208C4E0D23E5}
	EndGlobalSection
EndGlobal
